<Solution>
  <Project Path="AOI_Monitor.Tests/AOI_Monitor.Tests.csproj" />
  <Project Path="AOI_Monitor.UiTests/AOI_Monitor.UiTests.csproj" />
  <Project Path="AOI_Monitor/AOI_Monitor.csproj" />
  <Project Path="AOI_Monitor.Tools/AOI_Monitor.Tools.csproj" />
  <Project Path="Templates/CameraAdapterTemplate/CameraAdapterTemplate.csproj" />
  <Project Path="Templates/LightingAdapterTemplate/LightingAdapterTemplate.csproj" />
  <Project Path="Templates/RobotControllerTemplate/RobotControllerTemplate.csproj" />
  <Project Path="Templates/RobotPlcAdapterTemplate/RobotPlcAdapterTemplate.csproj" />
</Solution>
